// !$*UTF8*$!
{
	archiveVersion = 1;
	classes = {
	};
	objectVersion = 56;
	objects = {

/* Begin PBXBuildFile section */
		3A00A4E72AA5DFCF0091314C /* BookingModel.swift in Sources */ = {isa = PBXBuildFile; fileRef = 3A00A4E62AA5DFCF0091314C /* BookingModel.swift */; };
		3A00A4E92AA5E0010091314C /* BookingViewModel.swift in Sources */ = {isa = PBXBuildFile; fileRef = 3A00A4E82AA5E0010091314C /* BookingViewModel.swift */; };
		3A00A4EB2AA60FA30091314C /* RoomPriceView.swift in Sources */ = {isa = PBXBuildFile; fileRef = 3A00A4EA2AA60FA30091314C /* RoomPriceView.swift */; };
		3A00A4ED2AA60FCA0091314C /* RoomMoreInfoView.swift in Sources */ = {isa = PBXBuildFile; fileRef = 3A00A4EC2AA60FCA0091314C /* RoomMoreInfoView.swift */; };
		3A00A4EF2AA60FEE0091314C /* RoomPhotosView.swift in Sources */ = {isa = PBXBuildFile; fileRef = 3A00A4EE2AA60FEE0091314C /* RoomPhotosView.swift */; };
		3A00A4F22AA6102D0091314C /* BookingDataView.swift in Sources */ = {isa = PBXBuildFile; fileRef = 3A00A4F12AA6102D0091314C /* BookingDataView.swift */; };
		3A00A4F42AA610560091314C /* PhoneNumberView.swift in Sources */ = {isa = PBXBuildFile; fileRef = 3A00A4F32AA610560091314C /* PhoneNumberView.swift */; };
		3A00A4F62AA610750091314C /* EmailView.swift in Sources */ = {isa = PBXBuildFile; fileRef = 3A00A4F52AA610750091314C /* EmailView.swift */; };
		3A7A1F232AA70D8F0034615D /* TouristModel.swift in Sources */ = {isa = PBXBuildFile; fileRef = 3A7A1F222AA70D8F0034615D /* TouristModel.swift */; };
		3A96C7D72AA20926009DD4ED /* WrappedLayoutRoom.swift in Sources */ = {isa = PBXBuildFile; fileRef = 3A96C7D62AA20926009DD4ED /* WrappedLayoutRoom.swift */; };
		3A96C7D92AA20EEA009DD4ED /* BookingView.swift in Sources */ = {isa = PBXBuildFile; fileRef = 3A96C7D82AA20EEA009DD4ED /* BookingView.swift */; };
		3ABF743D2AA1CC1E003D6262 /* WrappedLayout.swift in Sources */ = {isa = PBXBuildFile; fileRef = 3ABF743C2AA1CC1E003D6262 /* WrappedLayout.swift */; };
		3ABF743F2AA1D0D0003D6262 /* RoomView.swift in Sources */ = {isa = PBXBuildFile; fileRef = 3ABF743E2AA1D0D0003D6262 /* RoomView.swift */; };
		3ABF74412AA1D95D003D6262 /* HotelMainInfoView.swift in Sources */ = {isa = PBXBuildFile; fileRef = 3ABF74402AA1D95D003D6262 /* HotelMainInfoView.swift */; };
		3ABF74432AA1DC39003D6262 /* HotelDetailsInfoView.swift in Sources */ = {isa = PBXBuildFile; fileRef = 3ABF74422AA1DC39003D6262 /* HotelDetailsInfoView.swift */; };
		3ABF74462AA1F47B003D6262 /* RoomModel.swift in Sources */ = {isa = PBXBuildFile; fileRef = 3ABF74452AA1F47B003D6262 /* RoomModel.swift */; };
		3ABF74482AA1F4C3003D6262 /* RoomViewModel.swift in Sources */ = {isa = PBXBuildFile; fileRef = 3ABF74472AA1F4C3003D6262 /* RoomViewModel.swift */; };
		3ADC2DE42AA07957006B2174 /* HotelAppApp.swift in Sources */ = {isa = PBXBuildFile; fileRef = 3ADC2DE32AA07957006B2174 /* HotelAppApp.swift */; };
		3ADC2DE62AA07957006B2174 /* HotelView.swift in Sources */ = {isa = PBXBuildFile; fileRef = 3ADC2DE52AA07957006B2174 /* HotelView.swift */; };
		3ADC2DE82AA07959006B2174 /* Assets.xcassets in Resources */ = {isa = PBXBuildFile; fileRef = 3ADC2DE72AA07959006B2174 /* Assets.xcassets */; };
		3ADC2DEB2AA07959006B2174 /* Preview Assets.xcassets in Resources */ = {isa = PBXBuildFile; fileRef = 3ADC2DEA2AA07959006B2174 /* Preview Assets.xcassets */; };
		3ADC2DF52AA07B81006B2174 /* HotelModel.swift in Sources */ = {isa = PBXBuildFile; fileRef = 3ADC2DF42AA07B81006B2174 /* HotelModel.swift */; };
		3ADC2DF72AA07BC3006B2174 /* HotelViewModel.swift in Sources */ = {isa = PBXBuildFile; fileRef = 3ADC2DF62AA07BC3006B2174 /* HotelViewModel.swift */; };
		3ADC2DFF2AA099EC006B2174 /* SFProDisplay-Medium.ttf in Resources */ = {isa = PBXBuildFile; fileRef = 3ADC2DFE2AA099EC006B2174 /* SFProDisplay-Medium.ttf */; };
		3ADC2E032AA09C6B006B2174 /* CustomColor.swift in Sources */ = {isa = PBXBuildFile; fileRef = 3ADC2E022AA09C6B006B2174 /* CustomColor.swift */; };
		3ADC2E052AA0A276006B2174 /* SF-Pro-Display-Semibold.otf in Resources */ = {isa = PBXBuildFile; fileRef = 3ADC2E042AA0A276006B2174 /* SF-Pro-Display-Semibold.otf */; };
/* End PBXBuildFile section */

/* Begin PBXFileReference section */
		3A00A4E62AA5DFCF0091314C /* BookingModel.swift */ = {isa = PBXFileReference; lastKnownFileType = sourcecode.swift; path = BookingModel.swift; sourceTree = "<group>"; };
		3A00A4E82AA5E0010091314C /* BookingViewModel.swift */ = {isa = PBXFileReference; lastKnownFileType = sourcecode.swift; path = BookingViewModel.swift; sourceTree = "<group>"; };
		3A00A4EA2AA60FA30091314C /* RoomPriceView.swift */ = {isa = PBXFileReference; lastKnownFileType = sourcecode.swift; path = RoomPriceView.swift; sourceTree = "<group>"; };
		3A00A4EC2AA60FCA0091314C /* RoomMoreInfoView.swift */ = {isa = PBXFileReference; lastKnownFileType = sourcecode.swift; path = RoomMoreInfoView.swift; sourceTree = "<group>"; };
		3A00A4EE2AA60FEE0091314C /* RoomPhotosView.swift */ = {isa = PBXFileReference; lastKnownFileType = sourcecode.swift; path = RoomPhotosView.swift; sourceTree = "<group>"; };
		3A00A4F12AA6102D0091314C /* BookingDataView.swift */ = {isa = PBXFileReference; lastKnownFileType = sourcecode.swift; path = BookingDataView.swift; sourceTree = "<group>"; };
		3A00A4F32AA610560091314C /* PhoneNumberView.swift */ = {isa = PBXFileReference; lastKnownFileType = sourcecode.swift; path = PhoneNumberView.swift; sourceTree = "<group>"; };
		3A00A4F52AA610750091314C /* EmailView.swift */ = {isa = PBXFileReference; lastKnownFileType = sourcecode.swift; path = EmailView.swift; sourceTree = "<group>"; };
		3A7A1F222AA70D8F0034615D /* TouristModel.swift */ = {isa = PBXFileReference; lastKnownFileType = sourcecode.swift; path = TouristModel.swift; sourceTree = "<group>"; };
		3A96C7D62AA20926009DD4ED /* WrappedLayoutRoom.swift */ = {isa = PBXFileReference; lastKnownFileType = sourcecode.swift; path = WrappedLayoutRoom.swift; sourceTree = "<group>"; };
		3A96C7D82AA20EEA009DD4ED /* BookingView.swift */ = {isa = PBXFileReference; lastKnownFileType = sourcecode.swift; path = BookingView.swift; sourceTree = "<group>"; };
		3ABF743C2AA1CC1E003D6262 /* WrappedLayout.swift */ = {isa = PBXFileReference; lastKnownFileType = sourcecode.swift; path = WrappedLayout.swift; sourceTree = "<group>"; };
		3ABF743E2AA1D0D0003D6262 /* RoomView.swift */ = {isa = PBXFileReference; lastKnownFileType = sourcecode.swift; path = RoomView.swift; sourceTree = "<group>"; };
		3ABF74402AA1D95D003D6262 /* HotelMainInfoView.swift */ = {isa = PBXFileReference; lastKnownFileType = sourcecode.swift; path = HotelMainInfoView.swift; sourceTree = "<group>"; };
		3ABF74422AA1DC39003D6262 /* HotelDetailsInfoView.swift */ = {isa = PBXFileReference; lastKnownFileType = sourcecode.swift; path = HotelDetailsInfoView.swift; sourceTree = "<group>"; };
		3ABF74452AA1F47B003D6262 /* RoomModel.swift */ = {isa = PBXFileReference; lastKnownFileType = sourcecode.swift; path = RoomModel.swift; sourceTree = "<group>"; };
		3ABF74472AA1F4C3003D6262 /* RoomViewModel.swift */ = {isa = PBXFileReference; lastKnownFileType = sourcecode.swift; path = RoomViewModel.swift; sourceTree = "<group>"; };
		3ADC2DE02AA07957006B2174 /* HotelApp.app */ = {isa = PBXFileReference; explicitFileType = wrapper.application; includeInIndex = 0; path = HotelApp.app; sourceTree = BUILT_PRODUCTS_DIR; };
		3ADC2DE32AA07957006B2174 /* HotelAppApp.swift */ = {isa = PBXFileReference; lastKnownFileType = sourcecode.swift; path = HotelAppApp.swift; sourceTree = "<group>"; };
		3ADC2DE52AA07957006B2174 /* HotelView.swift */ = {isa = PBXFileReference; lastKnownFileType = sourcecode.swift; path = HotelView.swift; sourceTree = "<group>"; };
		3ADC2DE72AA07959006B2174 /* Assets.xcassets */ = {isa = PBXFileReference; lastKnownFileType = folder.assetcatalog; path = Assets.xcassets; sourceTree = "<group>"; };
		3ADC2DEA2AA07959006B2174 /* Preview Assets.xcassets */ = {isa = PBXFileReference; lastKnownFileType = folder.assetcatalog; path = "Preview Assets.xcassets"; sourceTree = "<group>"; };
		3ADC2DF42AA07B81006B2174 /* HotelModel.swift */ = {isa = PBXFileReference; lastKnownFileType = sourcecode.swift; path = HotelModel.swift; sourceTree = "<group>"; };
		3ADC2DF62AA07BC3006B2174 /* HotelViewModel.swift */ = {isa = PBXFileReference; lastKnownFileType = sourcecode.swift; path = HotelViewModel.swift; sourceTree = "<group>"; };
		3ADC2DFD2AA0990C006B2174 /* Info.plist */ = {isa = PBXFileReference; lastKnownFileType = text.plist; path = Info.plist; sourceTree = "<group>"; };
		3ADC2DFE2AA099EC006B2174 /* SFProDisplay-Medium.ttf */ = {isa = PBXFileReference; lastKnownFileType = file; path = "SFProDisplay-Medium.ttf"; sourceTree = "<group>"; };
		3ADC2E022AA09C6B006B2174 /* CustomColor.swift */ = {isa = PBXFileReference; lastKnownFileType = sourcecode.swift; path = CustomColor.swift; sourceTree = "<group>"; };
		3ADC2E042AA0A276006B2174 /* SF-Pro-Display-Semibold.otf */ = {isa = PBXFileReference; lastKnownFileType = file; path = "SF-Pro-Display-Semibold.otf"; sourceTree = "<group>"; };
/* End PBXFileReference section */

/* Begin PBXFrameworksBuildPhase section */
		3ADC2DDD2AA07957006B2174 /* Frameworks */ = {
			isa = PBXFrameworksBuildPhase;
			buildActionMask = 2147483647;
			files = (
			);
			runOnlyForDeploymentPostprocessing = 0;
		};
/* End PBXFrameworksBuildPhase section */

/* Begin PBXGroup section */
		3A00A4F02AA610190091314C /* Booking */ = {
			isa = PBXGroup;
			children = (
				3A96C7D82AA20EEA009DD4ED /* BookingView.swift */,
				3A00A4F52AA610750091314C /* EmailView.swift */,
				3A00A4F32AA610560091314C /* PhoneNumberView.swift */,
				3A00A4F12AA6102D0091314C /* BookingDataView.swift */,
			);
			path = Booking;
			sourceTree = "<group>";
		};
		3ABF74442AA1EAE7003D6262 /* Hotels */ = {
			isa = PBXGroup;
			children = (
				3ADC2DE52AA07957006B2174 /* HotelView.swift */,
				3ABF74422AA1DC39003D6262 /* HotelDetailsInfoView.swift */,
				3ABF74402AA1D95D003D6262 /* HotelMainInfoView.swift */,
			);
			path = Hotels;
			sourceTree = "<group>";
		};
		3ABF74492AA1F544003D6262 /* Rooms */ = {
			isa = PBXGroup;
			children = (
				3ABF743E2AA1D0D0003D6262 /* RoomView.swift */,
				3A00A4EE2AA60FEE0091314C /* RoomPhotosView.swift */,
				3A00A4EC2AA60FCA0091314C /* RoomMoreInfoView.swift */,
				3A00A4EA2AA60FA30091314C /* RoomPriceView.swift */,
			);
			path = Rooms;
			sourceTree = "<group>";
		};
		3ADC2DD72AA07957006B2174 = {
			isa = PBXGroup;
			children = (
				3ADC2DE22AA07957006B2174 /* HotelApp */,
				3ADC2DE12AA07957006B2174 /* Products */,
			);
			sourceTree = "<group>";
		};
		3ADC2DE12AA07957006B2174 /* Products */ = {
			isa = PBXGroup;
			children = (
				3ADC2DE02AA07957006B2174 /* HotelApp.app */,
			);
			name = Products;
			sourceTree = "<group>";
		};
		3ADC2DE22AA07957006B2174 /* HotelApp */ = {
			isa = PBXGroup;
			children = (
				3ADC2E002AA09C55006B2174 /* Helpers */,
				3ADC2DFD2AA0990C006B2174 /* Info.plist */,
				3ADC2DE32AA07957006B2174 /* HotelAppApp.swift */,
				3ADC2DF22AA07A85006B2174 /* Model */,
				3ADC2DF32AA07A8E006B2174 /* ViewModel */,
				3ADC2DF12AA07A80006B2174 /* View */,
				3ADC2DE72AA07959006B2174 /* Assets.xcassets */,
				3ADC2DE92AA07959006B2174 /* Preview Content */,
			);
			path = HotelApp;
			sourceTree = "<group>";
		};
		3ADC2DE92AA07959006B2174 /* Preview Content */ = {
			isa = PBXGroup;
			children = (
				3ADC2DEA2AA07959006B2174 /* Preview Assets.xcassets */,
			);
			path = "Preview Content";
			sourceTree = "<group>";
		};
		3ADC2DF12AA07A80006B2174 /* View */ = {
			isa = PBXGroup;
			children = (
				3ABF74442AA1EAE7003D6262 /* Hotels */,
				3ABF74492AA1F544003D6262 /* Rooms */,
				3A00A4F02AA610190091314C /* Booking */,
			);
			path = View;
			sourceTree = "<group>";
		};
		3ADC2DF22AA07A85006B2174 /* Model */ = {
			isa = PBXGroup;
			children = (
				3ADC2DF42AA07B81006B2174 /* HotelModel.swift */,
				3ABF74452AA1F47B003D6262 /* RoomModel.swift */,
				3A00A4E62AA5DFCF0091314C /* BookingModel.swift */,
				3A7A1F222AA70D8F0034615D /* TouristModel.swift */,
			);
			name = Model;
			sourceTree = "<group>";
		};
		3ADC2DF32AA07A8E006B2174 /* ViewModel */ = {
			isa = PBXGroup;
			children = (
				3ADC2DF62AA07BC3006B2174 /* HotelViewModel.swift */,
				3ABF74472AA1F4C3003D6262 /* RoomViewModel.swift */,
				3A00A4E82AA5E0010091314C /* BookingViewModel.swift */,
			);
			path = ViewModel;
			sourceTree = "<group>";
		};
		3ADC2DF82AA0972D006B2174 /* Fonts */ = {
			isa = PBXGroup;
			children = (
				3ADC2DFE2AA099EC006B2174 /* SFProDisplay-Medium.ttf */,
				3ADC2E042AA0A276006B2174 /* SF-Pro-Display-Semibold.otf */,
			);
			path = Fonts;
			sourceTree = "<group>";
		};
		3ADC2E002AA09C55006B2174 /* Helpers */ = {
			isa = PBXGroup;
			children = (
				3ABF743C2AA1CC1E003D6262 /* WrappedLayout.swift */,
				3A96C7D62AA20926009DD4ED /* WrappedLayoutRoom.swift */,
				3ADC2E012AA09C5F006B2174 /* Extensions */,
				3ADC2DF82AA0972D006B2174 /* Fonts */,
			);
			path = Helpers;
			sourceTree = "<group>";
		};
		3ADC2E012AA09C5F006B2174 /* Extensions */ = {
			isa = PBXGroup;
			children = (
				3ADC2E022AA09C6B006B2174 /* CustomColor.swift */,
			);
			path = Extensions;
			sourceTree = "<group>";
		};
/* End PBXGroup section */

/* Begin PBXNativeTarget section */
		3ADC2DDF2AA07957006B2174 /* HotelApp */ = {
			isa = PBXNativeTarget;
			buildConfigurationList = 3ADC2DEE2AA07959006B2174 /* Build configuration list for PBXNativeTarget "HotelApp" */;
			buildPhases = (
				3ADC2DDC2AA07957006B2174 /* Sources */,
				3ADC2DDD2AA07957006B2174 /* Frameworks */,
				3ADC2DDE2AA07957006B2174 /* Resources */,
			);
			buildRules = (
			);
			dependencies = (
			);
			name = HotelApp;
			productName = HotelApp;
			productReference = 3ADC2DE02AA07957006B2174 /* HotelApp.app */;
			productType = "com.apple.product-type.application";
		};
/* End PBXNativeTarget section */

/* Begin PBXProject section */
		3ADC2DD82AA07957006B2174 /* Project object */ = {
			isa = PBXProject;
			attributes = {
				BuildIndependentTargetsInParallel = 1;
				LastSwiftUpdateCheck = 1430;
				LastUpgradeCheck = 1430;
				TargetAttributes = {
					3ADC2DDF2AA07957006B2174 = {
						CreatedOnToolsVersion = 14.3;
					};
				};
			};
			buildConfigurationList = 3ADC2DDB2AA07957006B2174 /* Build configuration list for PBXProject "HotelApp" */;
			compatibilityVersion = "Xcode 14.0";
			developmentRegion = en;
			hasScannedForEncodings = 0;
			knownRegions = (
				en,
				Base,
			);
			mainGroup = 3ADC2DD72AA07957006B2174;
			productRefGroup = 3ADC2DE12AA07957006B2174 /* Products */;
			projectDirPath = "";
			projectRoot = "";
			targets = (
				3ADC2DDF2AA07957006B2174 /* HotelApp */,
			);
		};
/* End PBXProject section */

/* Begin PBXResourcesBuildPhase section */
		3ADC2DDE2AA07957006B2174 /* Resources */ = {
			isa = PBXResourcesBuildPhase;
			buildActionMask = 2147483647;
			files = (
				3ADC2E052AA0A276006B2174 /* SF-Pro-Display-Semibold.otf in Resources */,
				3ADC2DEB2AA07959006B2174 /* Preview Assets.xcassets in Resources */,
				3ADC2DE82AA07959006B2174 /* Assets.xcassets in Resources */,
				3ADC2DFF2AA099EC006B2174 /* SFProDisplay-Medium.ttf in Resources */,
			);
			runOnlyForDeploymentPostprocessing = 0;
		};
/* End PBXResourcesBuildPhase section */

/* Begin PBXSourcesBuildPhase section */
		3ADC2DDC2AA07957006B2174 /* Sources */ = {
			isa = PBXSourcesBuildPhase;
			buildActionMask = 2147483647;
			files = (
				3ADC2DE62AA07957006B2174 /* HotelView.swift in Sources */,
				3A00A4E92AA5E0010091314C /* BookingViewModel.swift in Sources */,
				3ADC2DF52AA07B81006B2174 /* HotelModel.swift in Sources */,
				3ABF74462AA1F47B003D6262 /* RoomModel.swift in Sources */,
				3ABF74432AA1DC39003D6262 /* HotelDetailsInfoView.swift in Sources */,
				3ADC2DE42AA07957006B2174 /* HotelAppApp.swift in Sources */,
				3A00A4F42AA610560091314C /* PhoneNumberView.swift in Sources */,
				3A00A4ED2AA60FCA0091314C /* RoomMoreInfoView.swift in Sources */,
				3A96C7D92AA20EEA009DD4ED /* BookingView.swift in Sources */,
				3ABF743F2AA1D0D0003D6262 /* RoomView.swift in Sources */,
				3ABF74412AA1D95D003D6262 /* HotelMainInfoView.swift in Sources */,
				3A00A4EB2AA60FA30091314C /* RoomPriceView.swift in Sources */,
				3ADC2E032AA09C6B006B2174 /* CustomColor.swift in Sources */,
				3A00A4EF2AA60FEE0091314C /* RoomPhotosView.swift in Sources */,
				3A7A1F232AA70D8F0034615D /* TouristModel.swift in Sources */,
				3A96C7D72AA20926009DD4ED /* WrappedLayoutRoom.swift in Sources */,
				3A00A4F22AA6102D0091314C /* BookingDataView.swift in Sources */,
				3ADC2DF72AA07BC3006B2174 /* HotelViewModel.swift in Sources */,
				3A00A4F62AA610750091314C /* EmailView.swift in Sources */,
				3A00A4E72AA5DFCF0091314C /* BookingModel.swift in Sources */,
				3ABF74482AA1F4C3003D6262 /* RoomViewModel.swift in Sources */,
				3ABF743D2AA1CC1E003D6262 /* WrappedLayout.swift in Sources */,
			);
			runOnlyForDeploymentPostprocessing = 0;
		};
/* End PBXSourcesBuildPhase section */

/* Begin XCBuildConfiguration section */
		3ADC2DEC2AA07959006B2174 /* Debug */ = {
			isa = XCBuildConfiguration;
			buildSettings = {
				ALWAYS_SEARCH_USER_PATHS = NO;
				CLANG_ANALYZER_NONNULL = YES;
				CLANG_ANALYZER_NUMBER_OBJECT_CONVERSION = YES_AGGRESSIVE;
				CLANG_CXX_LANGUAGE_STANDARD = "gnu++20";
				CLANG_ENABLE_MODULES = YES;
				CLANG_ENABLE_OBJC_ARC = YES;
				CLANG_ENABLE_OBJC_WEAK = YES;
				CLANG_WARN_BLOCK_CAPTURE_AUTORELEASING = YES;
				CLANG_WARN_BOOL_CONVERSION = YES;
				CLANG_WARN_COMMA = YES;
				CLANG_WARN_CONSTANT_CONVERSION = YES;
				CLANG_WARN_DEPRECATED_OBJC_IMPLEMENTATIONS = YES;
				CLANG_WARN_DIRECT_OBJC_ISA_USAGE = YES_ERROR;
				CLANG_WARN_DOCUMENTATION_COMMENTS = YES;
				CLANG_WARN_EMPTY_BODY = YES;
				CLANG_WARN_ENUM_CONVERSION = YES;
				CLANG_WARN_INFINITE_RECURSION = YES;
				CLANG_WARN_INT_CONVERSION = YES;
				CLANG_WARN_NON_LITERAL_NULL_CONVERSION = YES;
				CLANG_WARN_OBJC_IMPLICIT_RETAIN_SELF = YES;
				CLANG_WARN_OBJC_LITERAL_CONVERSION = YES;
				CLANG_WARN_OBJC_ROOT_CLASS = YES_ERROR;
				CLANG_WARN_QUOTED_INCLUDE_IN_FRAMEWORK_HEADER = YES;
				CLANG_WARN_RANGE_LOOP_ANALYSIS = YES;
				CLANG_WARN_STRICT_PROTOTYPES = YES;
				CLANG_WARN_SUSPICIOUS_MOVE = YES;
				CLANG_WARN_UNGUARDED_AVAILABILITY = YES_AGGRESSIVE;
				CLANG_WARN_UNREACHABLE_CODE = YES;
				CLANG_WARN__DUPLICATE_METHOD_MATCH = YES;
				COPY_PHASE_STRIP = NO;
				DEBUG_INFORMATION_FORMAT = dwarf;
				ENABLE_STRICT_OBJC_MSGSEND = YES;
				ENABLE_TESTABILITY = YES;
				GCC_C_LANGUAGE_STANDARD = gnu11;
				GCC_DYNAMIC_NO_PIC = NO;
				GCC_NO_COMMON_BLOCKS = YES;
				GCC_OPTIMIZATION_LEVEL = 0;
				GCC_PREPROCESSOR_DEFINITIONS = (
					"DEBUG=1",
					"$(inherited)",
				);
				GCC_WARN_64_TO_32_BIT_CONVERSION = YES;
				GCC_WARN_ABOUT_RETURN_TYPE = YES_ERROR;
				GCC_WARN_UNDECLARED_SELECTOR = YES;
				GCC_WARN_UNINITIALIZED_AUTOS = YES_AGGRESSIVE;
				GCC_WARN_UNUSED_FUNCTION = YES;
				GCC_WARN_UNUSED_VARIABLE = YES;
				IPHONEOS_DEPLOYMENT_TARGET = 16.4;
				MTL_ENABLE_DEBUG_INFO = INCLUDE_SOURCE;
				MTL_FAST_MATH = YES;
				ONLY_ACTIVE_ARCH = YES;
				SDKROOT = iphoneos;
				SWIFT_ACTIVE_COMPILATION_CONDITIONS = DEBUG;
				SWIFT_OPTIMIZATION_LEVEL = "-Onone";
			};
			name = Debug;
		};
		3ADC2DED2AA07959006B2174 /* Release */ = {
			isa = XCBuildConfiguration;
			buildSettings = {
				ALWAYS_SEARCH_USER_PATHS = NO;
				CLANG_ANALYZER_NONNULL = YES;
				CLANG_ANALYZER_NUMBER_OBJECT_CONVERSION = YES_AGGRESSIVE;
				CLANG_CXX_LANGUAGE_STANDARD = "gnu++20";
				CLANG_ENABLE_MODULES = YES;
				CLANG_ENABLE_OBJC_ARC = YES;
				CLANG_ENABLE_OBJC_WEAK = YES;
				CLANG_WARN_BLOCK_CAPTURE_AUTORELEASING = YES;
				CLANG_WARN_BOOL_CONVERSION = YES;
				CLANG_WARN_COMMA = YES;
				CLANG_WARN_CONSTANT_CONVERSION = YES;
				CLANG_WARN_DEPRECATED_OBJC_IMPLEMENTATIONS = YES;
				CLANG_WARN_DIRECT_OBJC_ISA_USAGE = YES_ERROR;
				CLANG_WARN_DOCUMENTATION_COMMENTS = YES;
				CLANG_WARN_EMPTY_BODY = YES;
				CLANG_WARN_ENUM_CONVERSION = YES;
				CLANG_WARN_INFINITE_RECURSION = YES;
				CLANG_WARN_INT_CONVERSION = YES;
				CLANG_WARN_NON_LITERAL_NULL_CONVERSION = YES;
				CLANG_WARN_OBJC_IMPLICIT_RETAIN_SELF = YES;
				CLANG_WARN_OBJC_LITERAL_CONVERSION = YES;
				CLANG_WARN_OBJC_ROOT_CLASS = YES_ERROR;
				CLANG_WARN_QUOTED_INCLUDE_IN_FRAMEWORK_HEADER = YES;
				CLANG_WARN_RANGE_LOOP_ANALYSIS = YES;
				CLANG_WARN_STRICT_PROTOTYPES = YES;
				CLANG_WARN_SUSPICIOUS_MOVE = YES;
				CLANG_WARN_UNGUARDED_AVAILABILITY = YES_AGGRESSIVE;
				CLANG_WARN_UNREACHABLE_CODE = YES;
				CLANG_WARN__DUPLICATE_METHOD_MATCH = YES;
				COPY_PHASE_STRIP = NO;
				DEBUG_INFORMATION_FORMAT = "dwarf-with-dsym";
				ENABLE_NS_ASSERTIONS = NO;
				ENABLE_STRICT_OBJC_MSGSEND = YES;
				GCC_C_LANGUAGE_STANDARD = gnu11;
				GCC_NO_COMMON_BLOCKS = YES;
				GCC_WARN_64_TO_32_BIT_CONVERSION = YES;
				GCC_WARN_ABOUT_RETURN_TYPE = YES_ERROR;
				GCC_WARN_UNDECLARED_SELECTOR = YES;
				GCC_WARN_UNINITIALIZED_AUTOS = YES_AGGRESSIVE;
				GCC_WARN_UNUSED_FUNCTION = YES;
				GCC_WARN_UNUSED_VARIABLE = YES;
				IPHONEOS_DEPLOYMENT_TARGET = 16.4;
				MTL_ENABLE_DEBUG_INFO = NO;
				MTL_FAST_MATH = YES;
				SDKROOT = iphoneos;
				SWIFT_COMPILATION_MODE = wholemodule;
				SWIFT_OPTIMIZATION_LEVEL = "-O";
				VALIDATE_PRODUCT = YES;
			};
			name = Release;
		};
		3ADC2DEF2AA07959006B2174 /* Debug */ = {
			isa = XCBuildConfiguration;
			buildSettings = {
				ASSETCATALOG_COMPILER_APPICON_NAME = AppIcon;
				ASSETCATALOG_COMPILER_GLOBAL_ACCENT_COLOR_NAME = AccentColor;
				CODE_SIGN_STYLE = Automatic;
				CURRENT_PROJECT_VERSION = 1;
				DEVELOPMENT_ASSET_PATHS = "\"HotelApp/Preview Content\"";
				DEVELOPMENT_TEAM = CD2H8U7Z2G;
				ENABLE_PREVIEWS = YES;
				GENERATE_INFOPLIST_FILE = YES;
				INFOPLIST_FILE = HotelApp/Info.plist;
				INFOPLIST_KEY_UIApplicationSceneManifest_Generation = YES;
				INFOPLIST_KEY_UIApplicationSupportsIndirectInputEvents = YES;
				INFOPLIST_KEY_UILaunchScreen_Generation = YES;
				INFOPLIST_KEY_UISupportedInterfaceOrientations_iPad = "UIInterfaceOrientationPortrait UIInterfaceOrientationPortraitUpsideDown UIInterfaceOrientationLandscapeLeft UIInterfaceOrientationLandscapeRight";
				INFOPLIST_KEY_UISupportedInterfaceOrientations_iPhone = "UIInterfaceOrientationPortrait UIInterfaceOrientationLandscapeLeft UIInterfaceOrientationLandscapeRight";
				IPHONEOS_DEPLOYMENT_TARGET = 16.0;
				LD_RUNPATH_SEARCH_PATHS = (
					"$(inherited)",
					"@executable_path/Frameworks",
				);
				MARKETING_VERSION = 1.0;
				PRODUCT_BUNDLE_IDENTIFIER = "Anton-Kasian.HotelApp";
				PRODUCT_NAME = "$(TARGET_NAME)";
				SWIFT_EMIT_LOC_STRINGS = YES;
				SWIFT_VERSION = 5.0;
				TARGETED_DEVICE_FAMILY = "1,2";
			};
			name = Debug;
		};
		3ADC2DF02AA07959006B2174 /* Release */ = {
			isa = XCBuildConfiguration;
			buildSettings = {
				ASSETCATALOG_COMPILER_APPICON_NAME = AppIcon;
				ASSETCATALOG_COMPILER_GLOBAL_ACCENT_COLOR_NAME = AccentColor;
				CODE_SIGN_STYLE = Automatic;
				CURRENT_PROJECT_VERSION = 1;
				DEVELOPMENT_ASSET_PATHS = "\"HotelApp/Preview Content\"";
				DEVELOPMENT_TEAM = CD2H8U7Z2G;
				ENABLE_PREVIEWS = YES;
				GENERATE_INFOPLIST_FILE = YES;
				INFOPLIST_FILE = HotelApp/Info.plist;
				INFOPLIST_KEY_UIApplicationSceneManifest_Generation = YES;
				INFOPLIST_KEY_UIApplicationSupportsIndirectInputEvents = YES;
				INFOPLIST_KEY_UILaunchScreen_Generation = YES;
				INFOPLIST_KEY_UISupportedInterfaceOrientations_iPad = "UIInterfaceOrientationPortrait UIInterfaceOrientationPortraitUpsideDown UIInterfaceOrientationLandscapeLeft UIInterfaceOrientationLandscapeRight";
				INFOPLIST_KEY_UISupportedInterfaceOrientations_iPhone = "UIInterfaceOrientationPortrait UIInterfaceOrientationLandscapeLeft UIInterfaceOrientationLandscapeRight";
				IPHONEOS_DEPLOYMENT_TARGET = 16.0;
				LD_RUNPATH_SEARCH_PATHS = (
					"$(inherited)",
					"@executable_path/Frameworks",
				);
				MARKETING_VERSION = 1.0;
				PRODUCT_BUNDLE_IDENTIFIER = "Anton-Kasian.HotelApp";
				PRODUCT_NAME = "$(TARGET_NAME)";
				SWIFT_EMIT_LOC_STRINGS = YES;
				SWIFT_VERSION = 5.0;
				TARGETED_DEVICE_FAMILY = "1,2";
			};
			name = Release;
		};
/* End XCBuildConfiguration section */

/* Begin XCConfigurationList section */
		3ADC2DDB2AA07957006B2174 /* Build configuration list for PBXProject "HotelApp" */ = {
			isa = XCConfigurationList;
			buildConfigurations = (
				3ADC2DEC2AA07959006B2174 /* Debug */,
				3ADC2DED2AA07959006B2174 /* Release */,
			);
			defaultConfigurationIsVisible = 0;
			defaultConfigurationName = Release;
		};
		3ADC2DEE2AA07959006B2174 /* Build configuration list for PBXNativeTarget "HotelApp" */ = {
			isa = XCConfigurationList;
			buildConfigurations = (
				3ADC2DEF2AA07959006B2174 /* Debug */,
				3ADC2DF02AA07959006B2174 /* Release */,
			);
			defaultConfigurationIsVisible = 0;
			defaultConfigurationName = Release;
		};
/* End XCConfigurationList section */
	};
	rootObject = 3ADC2DD82AA07957006B2174 /* Project object */;
}
